
Microsoft Visual Studio Solution File, Format Version 12.00
# Visual Studio Version 16
VisualStudioVersion = 16.0.31702.278
MinimumVisualStudioVersion = 10.0.40219.1
Project("{FAE04EC0-301F-11D3-BF4B-00C04F79EFBC}") = "DZ2", "DZ2\DZ2.csproj", "{123D150F-4C74-4154-BDDE-6C7742791909}"
EndProject
Project("{FAE04EC0-301F-11D3-BF4B-00C04F79EFBC}") = "LibraryBuilding", "LibraryBuilding\LibraryBuilding.csproj", "{317D0358-B784-4220-8F18-5919DDCC99F0}"
EndProject
Global
	GlobalSection(SolutionConfigurationPlatforms) = preSolution
		Debug|Any CPU = Debug|Any CPU
		Release|Any CPU = Release|Any CPU
	EndGlobalSection
	GlobalSection(ProjectConfigurationPlatforms) = postSolution
		{123D150F-4C74-4154-BDDE-6C7742791909}.Debug|Any CPU.ActiveCfg = Debug|Any CPU
		{123D150F-4C74-4154-BDDE-6C7742791909}.Debug|Any CPU.Build.0 = Debug|Any CPU
		{123D150F-4C74-4154-BDDE-6C7742791909}.Release|Any CPU.ActiveCfg = Release|Any CPU
		{123D150F-4C74-4154-BDDE-6C7742791909}.Release|Any CPU.Build.0 = Release|Any CPU
		{317D0358-B784-4220-8F18-5919DDCC99F0}.Debug|Any CPU.ActiveCfg = Debug|Any CPU
		{317D0358-B784-4220-8F18-5919DDCC99F0}.Debug|Any CPU.Build.0 = Debug|Any CPU
		{317D0358-B784-4220-8F18-5919DDCC99F0}.Release|Any CPU.ActiveCfg = Release|Any CPU
		{317D0358-B784-4220-8F18-5919DDCC99F0}.Release|Any CPU.Build.0 = Release|Any CPU
	EndGlobalSection
	GlobalSection(SolutionProperties) = preSolution
		HideSolutionNode = FALSE
	EndGlobalSection
	GlobalSection(ExtensibilityGlobals) = postSolution
		SolutionGuid = {0715CA14-A656-4E27-8ACB-061024B528E5}
	EndGlobalSection
EndGlobal
